
Microsoft Visual Studio Solution File, Format Version 12.00
# Visual Studio Version 16
VisualStudioVersion = 16.0.31729.503
MinimumVisualStudioVersion = 10.0.40219.1
Project("{9A19103F-16F7-4668-BE54-9A1E7A4F7556}") = "Examenpatrondediseño", "Examenpatrondediseño.csproj", "{431038A9-7501-480E-9848-C3C93D0A9B24}"
EndProject
Project("{2150E333-8FDC-42A3-9474-1A3956D46DE8}") = "Solution Items", "Solution Items", "{DA8061F4-B3C2-4CDA-8360-140A85CB9C35}"
	ProjectSection(SolutionItems) = preProject
		.editorconfig = .editorconfig
	EndProjectSection
EndProject
Global
	GlobalSection(SolutionConfigurationPlatforms) = preSolution
		Debug|Any CPU = Debug|Any CPU
		Release|Any CPU = Release|Any CPU
	EndGlobalSection
	GlobalSection(ProjectConfigurationPlatforms) = postSolution
		{431038A9-7501-480E-9848-C3C93D0A9B24}.Debug|Any CPU.ActiveCfg = Debug|Any CPU
		{431038A9-7501-480E-9848-C3C93D0A9B24}.Debug|Any CPU.Build.0 = Debug|Any CPU
		{431038A9-7501-480E-9848-C3C93D0A9B24}.Release|Any CPU.ActiveCfg = Release|Any CPU
		{431038A9-7501-480E-9848-C3C93D0A9B24}.Release|Any CPU.Build.0 = Release|Any CPU
	EndGlobalSection
	GlobalSection(SolutionProperties) = preSolution
		HideSolutionNode = FALSE
	EndGlobalSection
	GlobalSection(ExtensibilityGlobals) = postSolution
		SolutionGuid = {A83CE9B2-30F9-4FCA-82C8-7437C257E8A0}
	EndGlobalSection
EndGlobal
